#MicroXplorer Configuration settings - do not modify
Mcu.Family=STM32F4
VP_RTC_VS_RTC_Activate.Signal=RTC_VS_RTC_Activate
RCC.PLLSourceVirtual=RCC_PLLSOURCE_HSE
ProjectManager.MainLocation=Src
ProjectManager.ProjectFileName=F401_ST7735.ioc
RCC.CortexFreq_Value=84000000
ProjectManager.KeepUserCode=true
Mcu.UserName=STM32F401CEUx
Mcu.PinsNb=15
SPI2.VirtualType=VM_MASTER
ProjectManager.NoMain=false
PC13-ANTI_TAMP.GPIO_Label=C13
RCC.PLLCLKFreq_Value=84000000
PA9.GPIO_Label=LCD_DC
RCC.PLLQCLKFreq_Value=42000000
ProjectManager.functionlistsort=1-MX_GPIO_Init-GPIO-false-HAL-true,2-SystemClock_Config-RCC-false-HAL-false,3-MX_SPI2_Init-SPI2-false-HAL-true,4-MX_TIM1_Init-TIM1-false-HAL-true,4-MX_RTC_Init-RTC-false-HAL-true
PH1\ -\ OSC_OUT.Mode=HSE-External-Oscillator
PA9.GPIOParameters=GPIO_Speed,PinState,GPIO_Label
VP_RTC_VS_RTC_Activate.Mode=RTC_Enabled
RCC.RTCFreq_Value=32000
ProjectManager.DefaultFWLocation=true
VP_RTC_VS_RTC_Calendar.Signal=RTC_VS_RTC_Calendar
ProjectManager.DeletePrevious=true
RCC.APB1CLKDivider=RCC_HCLK_DIV2
TIM2.OCPolarity_1=TIM_OCPOLARITY_LOW
PB15.Signal=SPI2_MOSI
PB13.Signal=SPI2_SCK
SH.S_TIM2_CH1_ETR.ConfNb=1
PinOutPanel.RotationAngle=0
RCC.SYSCLKSource=RCC_SYSCLKSOURCE_PLLCLK
ProjectManager.StackSize=0x400
PA0-WKUP.GPIO_Label=KEY
PA0-WKUP.Signal=GPIO_Input
PA0-WKUP.Locked=true
PA13.Signal=SYS_JTMS-SWDIO
Mcu.IP4=SYS
RCC.FCLKCortexFreq_Value=84000000
Mcu.IP5=TIM2
NVIC.SVCall_IRQn=true\:0\:0\:false\:false\:true\:false\:false
Mcu.IP2=RTC
Mcu.IP3=SPI2
Mcu.IP0=NVIC
PA15.Locked=true
Mcu.IP1=RCC
PH0\ -\ OSC_IN.Mode=HSE-External-Oscillator
PA8.GPIO_Label=LCD_RST
Mcu.UserConstants=
PH0\ -\ OSC_IN.Signal=RCC_OSC_IN
ProjectManager.TargetToolchain=MDK-ARM V5.27
PA10.PinState=GPIO_PIN_SET
RTC.Year=20
Mcu.ThirdPartyNb=0
RCC.HCLKFreq_Value=84000000
Mcu.IPNb=6
RCC.I2SClocksFreq_Value=96000000
TIM2.IPParameters=Channel-PWM Generation1 CH1,Prescaler,Period,OCPolarity_1
ProjectManager.PreviousToolchain=
RCC.APB2TimFreq_Value=84000000
PA9.Signal=GPIO_Output
RCC.VcooutputI2S=96000000
PA9.PinState=GPIO_PIN_SET
RTC.IPParameters=Hours,Year,Month
SPI2.IPParameters=VirtualType,Mode,Direction,BaudRatePrescaler
PA8.GPIOParameters=GPIO_Speed,GPIO_Label
Mcu.Pin6=PA8
Mcu.Pin7=PA9
Mcu.Pin8=PA10
Mcu.Pin9=PA13
RCC.LSE_VALUE=32768
RCC.AHBFreq_Value=84000000
SPI2.BaudRatePrescaler=SPI_BAUDRATEPRESCALER_4
PB13.Locked=true
Mcu.Pin0=PC13-ANTI_TAMP
Mcu.Pin1=PH0 - OSC_IN
GPIO.groupedBy=Group By Peripherals
Mcu.Pin2=PH1 - OSC_OUT
Mcu.Pin3=PA0-WKUP
PA0-WKUP.GPIOParameters=GPIO_PuPd,GPIO_Label
Mcu.Pin4=PB13
RCC.VCOI2SOutputFreq_Value=192000000
Mcu.Pin5=PB15
ProjectManager.ProjectBuild=false
RCC.HSE_VALUE=25000000
NVIC.UsageFault_IRQn=true\:0\:0\:false\:false\:true\:false\:false
NVIC.DebugMonitor_IRQn=true\:0\:0\:false\:false\:true\:false\:false
PH1\ -\ OSC_OUT.Signal=RCC_OSC_OUT
PA8.Locked=true
board=custom
PC13-ANTI_TAMP.Signal=GPIO_Output
RCC.VCOOutputFreq_Value=168000000
PC13-ANTI_TAMP.Locked=true
NVIC.SysTick_IRQn=true\:0\:0\:false\:false\:true\:false\:true
ProjectManager.LastFirmware=true
PB15.Mode=Simplex_Bidirectional_Master
ProjectManager.FirmwarePackage=STM32Cube FW_F4 V1.25.0
MxDb.Version=DB.5.0.60
RCC.APB2Freq_Value=84000000
RTC.Month=RTC_MONTH_SEPTEMBER
ProjectManager.BackupPrevious=false
MxCube.Version=5.6.0
RCC.VCOInputFreq_Value=1000000
PA14.Mode=Serial_Wire
File.Version=6
PA10.GPIO_Label=LCD_CS
PA10.GPIOParameters=GPIO_Speed,PinState,GPIO_Label
VP_SYS_VS_Systick.Mode=SysTick
PA9.Locked=true
PA8.Signal=GPIO_Output
NVIC.NonMaskableInt_IRQn=true\:0\:0\:false\:false\:true\:false\:false
TIM2.Channel-PWM\ Generation1\ CH1=TIM_CHANNEL_1
NVIC.PendSV_IRQn=true\:0\:0\:false\:false\:true\:false\:false
TIM2.Period=1000
PA13.Mode=Serial_Wire
ProjectManager.FreePins=false
RCC.IPParameters=48MHZClocksFreq_Value,AHBFreq_Value,APB1CLKDivider,APB1Freq_Value,APB1TimFreq_Value,APB2Freq_Value,APB2TimFreq_Value,CortexFreq_Value,FCLKCortexFreq_Value,HCLKFreq_Value,HSE_VALUE,HSI_VALUE,I2SClocksFreq_Value,LSE_VALUE,LSI_VALUE,PLLCLKFreq_Value,PLLM,PLLN,PLLQCLKFreq_Value,PLLSourceVirtual,RTCFreq_Value,RTCHSEDivFreq_Value,SYSCLKFreq_VALUE,SYSCLKSource,VCOI2SOutputFreq_Value,VCOInputFreq_Value,VCOOutputFreq_Value,VcooutputI2S
ProjectManager.AskForMigrate=true
Mcu.Name=STM32F401C(D-E)Ux
ProjectManager.HalAssertFull=false
RCC.RTCHSEDivFreq_Value=12500000
ProjectManager.ProjectName=F401_ST7735
ProjectManager.UnderRoot=false
ProjectManager.CoupleFile=true
RCC.48MHZClocksFreq_Value=42000000
RCC.SYSCLKFreq_VALUE=84000000
RTC.Hours=12
Mcu.Package=UFQFPN48
TIM2.Prescaler=10-1
SPI2.Mode=SPI_MODE_MASTER
PA10.Locked=true
NVIC.ForceEnableDMAVector=true
KeepUserPlacement=false
NVIC.MemoryManagement_IRQn=true\:0\:0\:false\:false\:true\:false\:false
ProjectManager.CompilerOptimize=6
ProjectManager.ToolChainLocation=
RCC.LSI_VALUE=32000
VP_SYS_VS_Systick.Signal=SYS_VS_Systick
SH.S_TIM2_CH1_ETR.0=TIM2_CH1,PWM Generation1 CH1
PA10.Signal=GPIO_Output
PA14.Signal=SYS_JTCK-SWCLK
VP_RTC_VS_RTC_Calendar.Mode=RTC_Calendar
PA15.Signal=S_TIM2_CH1_ETR
ProjectManager.HeapSize=0x200
NVIC.HardFault_IRQn=true\:0\:0\:false\:false\:true\:false\:false
Mcu.Pin13=VP_RTC_VS_RTC_Calendar
Mcu.Pin14=VP_SYS_VS_Systick
ProjectManager.ComputerToolchain=false
RCC.HSI_VALUE=16000000
PA10.GPIO_Speed=GPIO_SPEED_FREQ_VERY_HIGH
NVIC.PriorityGroup=NVIC_PRIORITYGROUP_4
Mcu.Pin11=PA15
Mcu.Pin12=VP_RTC_VS_RTC_Activate
RCC.PLLM=25
RCC.PLLN=168
Mcu.Pin10=PA14
RCC.APB1TimFreq_Value=84000000
PA9.GPIO_Speed=GPIO_SPEED_FREQ_VERY_HIGH
PA0-WKUP.GPIO_PuPd=GPIO_PULLUP
NVIC.BusFault_IRQn=true\:0\:0\:false\:false\:true\:false\:false
SPI2.Direction=SPI_DIRECTION_1LINE
PB13.Mode=Simplex_Bidirectional_Master
RCC.APB1Freq_Value=42000000
PA8.GPIO_Speed=GPIO_SPEED_FREQ_VERY_HIGH
ProjectManager.CustomerFirmwarePackage=
ProjectManager.DeviceId=STM32F401CEUx
ProjectManager.LibraryCopy=1
PC13-ANTI_TAMP.GPIOParameters=GPIO_Label
